
Microsoft Visual Studio Solution File, Format Version 12.00
# Visual Studio Version 16
VisualStudioVersion = 16.0.31129.286
MinimumVisualStudioVersion = 10.0.40219.1
Project("{FAE04EC0-301F-11D3-BF4B-00C04F79EFBC}") = "P127.HW.15.02", "P127.HW.15.02\P127.HW.15.02.csproj", "{9464E829-78D3-4F41-8578-18977E5CC826}"
EndProject
Global
	GlobalSection(SolutionConfigurationPlatforms) = preSolution
		Debug|Any CPU = Debug|Any CPU
		Release|Any CPU = Release|Any CPU
	EndGlobalSection
	GlobalSection(ProjectConfigurationPlatforms) = postSolution
		{9464E829-78D3-4F41-8578-18977E5CC826}.Debug|Any CPU.ActiveCfg = Debug|Any CPU
		{9464E829-78D3-4F41-8578-18977E5CC826}.Debug|Any CPU.Build.0 = Debug|Any CPU
		{9464E829-78D3-4F41-8578-18977E5CC826}.Release|Any CPU.ActiveCfg = Release|Any CPU
		{9464E829-78D3-4F41-8578-18977E5CC826}.Release|Any CPU.Build.0 = Release|Any CPU
	EndGlobalSection
	GlobalSection(SolutionProperties) = preSolution
		HideSolutionNode = FALSE
	EndGlobalSection
	GlobalSection(ExtensibilityGlobals) = postSolution
		SolutionGuid = {6E02D10E-C809-4E58-9D5C-F60A2B60B846}
	EndGlobalSection
EndGlobal
